# THIS IS AN AUTOGENERATED FILE. DO NOT EDIT THIS FILE DIRECTLY.
# yarn lockfile v1


"@tanstack/query-core@5.74.2":
  version "5.74.2"
  resolved "https://registry.yarnpkg.com/@tanstack/query-core/-/query-core-5.74.2.tgz#dd4aa5fb3e91ae80c96fb209fadbc622e2f75b49"
  integrity sha512-zxiLXIJ0TYsemnkL04qXWRxHSPiJbDfkaCUFbDz5pE2CUQBGoU6Xg3oPWkpQrz0G/7T+kMV7gtvXCrz/pCtoAg==

"@tanstack/react-query@^5.74.2":
  version "5.74.2"
  resolved "https://registry.yarnpkg.com/@tanstack/react-query/-/react-query-5.74.2.tgz#b88be0cceabc101bf21e455de7e85e192bbd6410"
  integrity sha512-L0Jsa1/73fw1nNrWzlnosYqSGBksjR4ZhKGvC+kp4N/6CyGRF1UsrNWjVH6PRHmeJNxh315OhMUoYlWwyHveNQ==
  dependencies:
    "@tanstack/query-core" "5.74.2"
